
Microsoft Visual Studio Solution File, Format Version 12.00
# Visual Studio 15
VisualStudioVersion = 15.0.28307.1684
MinimumVisualStudioVersion = 10.0.40219.1
Project("{2150E333-8FDC-42A3-9474-1A3956D46DE8}") = "1.Sort", "1.Sort", "{FFA8F0EB-08F8-437D-886D-99F52B20E335}"
EndProject
Project("{8BC9CEB8-8B4A-11D0-8D11-00A0C91BC942}") = "1.bubble_sort", "1.Sort\1.bubble_sort\bubble_sort.vcxproj", "{DA2EAA40-9094-4B8C-8DA1-91E582BAB3F3}"
EndProject
Project("{8BC9CEB8-8B4A-11D0-8D11-00A0C91BC942}") = "2.insertion_sort", "1.Sort\2.insertion_sort\insertion_sort.vcxproj", "{45C61845-3012-456E-A825-677275EA73BC}"
EndProject
Project("{8BC9CEB8-8B4A-11D0-8D11-00A0C91BC942}") = "3.quick_sort", "1.Sort\3.quick_sort\quick_sort.vcxproj", "{1F2A50C3-000E-4529-A1F2-5BC1B510D52D}"
EndProject
Project("{8BC9CEB8-8B4A-11D0-8D11-00A0C91BC942}") = "4.merge_sort", "1.Sort\4.merge_sort\merge_sort.vcxproj", "{8DC8D24E-9ECC-4CE9-ACDE-C78A1B7C9E9E}"
EndProject
Project("{8BC9CEB8-8B4A-11D0-8D11-00A0C91BC942}") = "5.cpp_STL_sort", "1.Sort\5.cpp_STL_sort\cpp_STL_sort.vcxproj", "{CBFEB0DF-EDE7-409F-992B-1F53DB65F404}"
EndProject
Project("{8BC9CEB8-8B4A-11D0-8D11-00A0C91BC942}") = "6.cpp_STL_sort_2", "1.Sort\6.cpp_STL_sort_2\6.cpp_STL_sort_2.vcxproj", "{9E495152-5342-4E83-A15D-09C0491FAE5E}"
EndProject
Project("{8BC9CEB8-8B4A-11D0-8D11-00A0C91BC942}") = "7.heap_sort", "1.Sort\7.heap_sort\7.heap_sort.vcxproj", "{318F1179-4823-43B7-A968-F4CD54E7197F}"
EndProject
Project("{8BC9CEB8-8B4A-11D0-8D11-00A0C91BC942}") = "8.counting_sort", "1.Sort\8.counting_sort\8.counting_sort.vcxproj", "{A15AA45B-0E95-4978-A8D6-1FAC3ADB32A0}"
EndProject
Project("{8BC9CEB8-8B4A-11D0-8D11-00A0C91BC942}") = "9.testing", "1.Sort\9.testing-compare\testing.vcxproj", "{737A7177-DFD6-4C83-8C04-4024FF66BFAE}"
EndProject
Project("{8BC9CEB8-8B4A-11D0-8D11-00A0C91BC942}") = "a.testing_2", "1.Sort\a.testing_2\testing_2.vcxproj", "{383F6B9A-B49D-431D-8E5A-AEAE30DE3E10}"
EndProject
Project("{8BC9CEB8-8B4A-11D0-8D11-00A0C91BC942}") = "b.testing_3", "1.Sort\b.testing_3\testing_3.vcxproj", "{C0C9AC00-F9B3-43EC-9692-C32521A6737F}"
EndProject
Project("{2150E333-8FDC-42A3-9474-1A3956D46DE8}") = "2.Stack_Heap", "2.Stack_Heap", "{EA065886-BCC3-4490-9874-8087EE7945FC}"
EndProject
Project("{8BC9CEB8-8B4A-11D0-8D11-00A0C91BC942}") = "1.stack", "2.Stack_Heap\1.stack\1.stack.vcxproj", "{49F36B59-C601-4B41-9CFF-9EAD269847A9}"
EndProject
Project("{8BC9CEB8-8B4A-11D0-8D11-00A0C91BC942}") = "2.Heap", "2.Stack_Heap\2.Heap\2.Heap.vcxproj", "{B6B6E946-A05A-4564-8D55-12ECC709EC53}"
EndProject
Project("{2150E333-8FDC-42A3-9474-1A3956D46DE8}") = "3.DFS_BFS", "3.DFS_BFS", "{F3208CE1-BD98-4296-B885-991DCAC0B5A3}"
EndProject
Project("{8BC9CEB8-8B4A-11D0-8D11-00A0C91BC942}") = "BFS(너비우선탐색)", "3.DFS_BFS\BFS(너비우선탐색)\BFS(너비우선탐색).vcxproj", "{EB323A2B-654F-4B2C-AA87-D3481FB5C76D}"
EndProject
Project("{8BC9CEB8-8B4A-11D0-8D11-00A0C91BC942}") = "DFS(깊이우선탐색)", "3.DFS_BFS\DFS(깊이우선탐색)\DFS(깊이우선탐색).vcxproj", "{D2A15B12-145A-4690-BD08-AF338C9507C1}"
EndProject
Project("{2150E333-8FDC-42A3-9474-1A3956D46DE8}") = "4.Union-Find(합집합_그래프)", "4.Union-Find(합집합_그래프)", "{F62556F7-5EC6-44DD-8200-F0FBDEE93B6C}"
EndProject
Project("{8BC9CEB8-8B4A-11D0-8D11-00A0C91BC942}") = "Union_Find(합집합, 그래프)", "4.Union-Find(합집합_그래프)\Union_Find\Union_Find.vcxproj", "{27345B4D-9F31-4888-894A-DE6C537E3FB8}"
EndProject
Project("{2150E333-8FDC-42A3-9474-1A3956D46DE8}") = "5.크루스칼 알고리즘", "5.크루스칼 알고리즘", "{58ACADB1-3458-4C80-A68A-112800AA96EA}"
EndProject
Project("{8BC9CEB8-8B4A-11D0-8D11-00A0C91BC942}") = "kruskal_Algorithm", "5.크루스칼 알고리즘\kruskal_Algorithm\kruskal_Algorithm.vcxproj", "{A9F1E2BA-80F5-4239-9E19-D94AF916A4FB}"
EndProject
Project("{2150E333-8FDC-42A3-9474-1A3956D46DE8}") = "6.2진트리 순회", "6.2진트리 순회", "{D8460D55-5847-4B97-B417-2A4420B3F528}"
EndProject
Project("{8BC9CEB8-8B4A-11D0-8D11-00A0C91BC942}") = "이진트리_순회(traversal)", "6.2진트리_순회\이진트리_traversal\이진트리_traversal.vcxproj", "{945068A8-7B87-44B7-8E16-699F3E00FC49}"
EndProject
Project("{2150E333-8FDC-42A3-9474-1A3956D46DE8}") = "7.다이나믹 프로그램", "7.다이나믹 프로그램", "{9AA05BF0-4931-4823-BABE-858793DCB38B}"
EndProject
Project("{8BC9CEB8-8B4A-11D0-8D11-00A0C91BC942}") = "1.다이나믹프로그램", "7.다이나믹 프로그램\1.다이나믹프로그램\다이나믹프로그램.vcxproj", "{BC16A51C-72E9-4ED0-98AC-80854B479D7B}"
EndProject
Project("{8BC9CEB8-8B4A-11D0-8D11-00A0C91BC942}") = "2. 타일링 문제", "7.다이나믹 프로그램\2.타일링\2.타일링.vcxproj", "{A7302767-207C-48ED-B3CB-9B5EC11BF17F}"
EndProject
Project("{8BC9CEB8-8B4A-11D0-8D11-00A0C91BC942}") = "타일링 문제2", "7.다이나믹 프로그램\3.타일링 문제2\타일링 문제2.vcxproj", "{3AFAD140-E02F-4C73-8304-AABA0F8EFA53}"
EndProject
Project("{2150E333-8FDC-42A3-9474-1A3956D46DE8}") = "8.에라토스테네스의 체", "8.에라토스테네스의 체", "{455CED63-4967-4106-A73F-032C862F9CCF}"
EndProject
Project("{8BC9CEB8-8B4A-11D0-8D11-00A0C91BC942}") = "에라토스테네스의 체(소수)", "8.에라토스테네스의 체\에라토스테네스의 체\에라토스테네스의 체.vcxproj", "{6DFB86F6-F167-4627-B131-5747EA3C3CA5}"
EndProject
Project("{2150E333-8FDC-42A3-9474-1A3956D46DE8}") = "9.다익스트라 알고리즘", "9.다익스트라 알고리즘", "{2287FAE2-AD37-4BE3-A2FC-3737B3A2F1E2}"
EndProject
Project("{8BC9CEB8-8B4A-11D0-8D11-00A0C91BC942}") = "dijkstra", "9.다익스트라 알고리즘\dijkstra\dijkstra.vcxproj", "{BA8646D6-2D45-491A-9FF6-604011D7AF56}"
EndProject
Project("{8BC9CEB8-8B4A-11D0-8D11-00A0C91BC942}") = "dijkstra_cpp", "9.다익스트라 알고리즘\dijkstra_cpp\dijkstra_cpp.vcxproj", "{FDA3CCD4-003E-4BB7-9ADA-4D2681A40AEE}"
EndProject
Project("{2150E333-8FDC-42A3-9474-1A3956D46DE8}") = "A.KMP 알고리즘(문자열)", "A.KMP 알고리즘(문자열)", "{0F1460FE-0396-4FFA-A083-74789E86D8C9}"
EndProject
Project("{8BC9CEB8-8B4A-11D0-8D11-00A0C91BC942}") = "knuth-morris-pratt", "A.KMP 알고리즘(문자열)\knuth-morris-pratt\knuth-morris-pratt.vcxproj", "{5099DF58-756C-42CF-B327-EDC070455A55}"
EndProject
Project("{8BC9CEB8-8B4A-11D0-8D11-00A0C91BC942}") = "knuth-morris-pratt-2", "A.KMP 알고리즘(문자열)\KMP2\KMP2.vcxproj", "{1C6F9885-A2DA-413B-B647-FB3FE2F9B01F}"
EndProject
Project("{2150E333-8FDC-42A3-9474-1A3956D46DE8}") = "B.라빈카프 알고리즘(해시, 문자열)", "B.라빈카프 알고리즘(해시, 문자열)", "{C52D55E9-DA74-4AC8-B61A-866624FB46ED}"
EndProject
Project("{8BC9CEB8-8B4A-11D0-8D11-00A0C91BC942}") = "rabin-karp", "B.라빈카프 알고리즘(해시, 문자열)\rabin-karp\rabin-karp.vcxproj", "{3EAEF250-77FD-4DE7-833B-76DB1B8493E0}"
EndProject
Project("{2150E333-8FDC-42A3-9474-1A3956D46DE8}") = "C.그리디 알고리즘", "C.그리디 알고리즘", "{AE91052B-C837-43D7-8E5F-6105530760D4}"
EndProject
Project("{8BC9CEB8-8B4A-11D0-8D11-00A0C91BC942}") = "greedy", "C.그리디 알고리즘\greedy\greedy.vcxproj", "{8FDFBA60-E8E6-4FC9-B107-30AB9AEDB885}"
EndProject
Project("{8BC9CEB8-8B4A-11D0-8D11-00A0C91BC942}") = "greedy_B 크게 만들기", "C.그리디 알고리즘\greeday_B 크게 만들기\greeday_B 크게 만들기.vcxproj", "{0143211F-6287-402F-A25B-CCBBEE8621C9}"
EndProject
Project("{8BC9CEB8-8B4A-11D0-8D11-00A0C91BC942}") = "greedy_2", "C.그리디 알고리즘\greedy_2\greedy_2.vcxproj", "{C4F0AEA3-9A41-427C-B578-EA7475BD3006}"
EndProject
Project("{8BC9CEB8-8B4A-11D0-8D11-00A0C91BC942}") = "greedy_3", "C.그리디 알고리즘\greedy_3\greedy_3.vcxproj", "{117B4CC3-A71B-416B-981A-678F808B49F1}"
EndProject
Project("{8BC9CEB8-8B4A-11D0-8D11-00A0C91BC942}") = "greedy_4", "C.그리디 알고리즘\greedy_4\greedy_4.vcxproj", "{76AAF3C3-9EF4-442C-B69A-A74FDF08DF19}"
EndProject
Project("{8BC9CEB8-8B4A-11D0-8D11-00A0C91BC942}") = "greedy_5", "C.그리디 알고리즘\greedy_5\greedy_5.vcxproj", "{137E7335-F7C9-4F66-9D35-D3F49B860A40}"
EndProject
Project("{8BC9CEB8-8B4A-11D0-8D11-00A0C91BC942}") = "greedy_6 계수소팅", "C.그리디 알고리즘\greedy_6\greedy_6.vcxproj", "{BF61B849-79DC-4817-97FE-162A477508F6}"
EndProject
Project("{8BC9CEB8-8B4A-11D0-8D11-00A0C91BC942}") = "greedy_7 신입사원", "C.그리디 알고리즘\greedy_7\greedy_7.vcxproj", "{DE300315-715A-4CAB-9295-B140B9F3844E}"
EndProject
Project("{8BC9CEB8-8B4A-11D0-8D11-00A0C91BC942}") = "greedy_8 추문제", "C.그리디 알고리즘\greedy_8\greedy_8.vcxproj", "{95CC058B-E75E-4F06-B7C8-FD29001BA5BA}"
EndProject
Project("{8BC9CEB8-8B4A-11D0-8D11-00A0C91BC942}") = "greedy_9 병든 나이트", "C.그리디 알고리즘\greedy_9\greedy_9.vcxproj", "{F44D9B0E-69F3-4761-BD09-6402218DCEB9}"
EndProject
Project("{8BC9CEB8-8B4A-11D0-8D11-00A0C91BC942}") = "greedy_A DNA 해밍거리", "C.그리디 알고리즘\greedy_A DNA 해밍거리\greedy_A DNA 해밍거리.vcxproj", "{B06C49F7-A70A-4D41-BC3B-E794CC68F16B}"
EndProject
Project("{2150E333-8FDC-42A3-9474-1A3956D46DE8}") = "D.해쉬맵", "D.해쉬맵", "{5677BE21-77A2-4D62-BF04-971E03BB7D42}"
EndProject
Project("{8BC9CEB8-8B4A-11D0-8D11-00A0C91BC942}") = "1.runners", "D.해쉬맵\1.runners\1.runners.vcxproj", "{CF4F1AC5-DD78-42CE-BC79-B2921D44585F}"
EndProject
Project("{8BC9CEB8-8B4A-11D0-8D11-00A0C91BC942}") = "2.best ambum", "D.해쉬맵\2.best ambum\2.best ambum.vcxproj", "{AC638429-ABD5-4E6A-BB91-B9F8378C8124}"
EndProject
Project("{8BC9CEB8-8B4A-11D0-8D11-00A0C91BC942}") = "3.phone_book", "D.해쉬맵\3.phone_book\3.phone_book.vcxproj", "{2EE9F40E-0953-4592-8A80-14F241E83561}"
EndProject
Project("{8BC9CEB8-8B4A-11D0-8D11-00A0C91BC942}") = "4.spy", "D.해쉬맵\4.spy\4.spy.vcxproj", "{63E0C1A8-D444-4625-83DE-6FFC5EDEBACE}"
EndProject
Project("{2150E333-8FDC-42A3-9474-1A3956D46DE8}") = "E.DFS 문제", "E.DFS 문제", "{BAFED0DB-A004-409D-BD41-69AB817942C0}"
EndProject
Project("{8BC9CEB8-8B4A-11D0-8D11-00A0C91BC942}") = "1.축사 문제", "E. DFS 문제\1.축사 문제\1.축사 문제.vcxproj", "{E673C35A-192F-44F7-ABDF-A1DC2E93514A}"
EndProject
Project("{8BC9CEB8-8B4A-11D0-8D11-00A0C91BC942}") = "미로찾기 DFS", "E. DFS 문제\2.미로찾기 DFS\미로찾기.vcxproj", "{0E394F6E-F99E-4BC2-8007-8D26E60C1C93}"
EndProject
Project("{8BC9CEB8-8B4A-11D0-8D11-00A0C91BC942}") = "미로찾기 BFS", "E. DFS 문제\3.미로찾기 BFS\미로찾기 BFS.vcxproj", "{83E8B1A3-FF54-479E-8136-9223B7952E9A}"
EndProject
Project("{2150E333-8FDC-42A3-9474-1A3956D46DE8}") = "F.Softeer 문제", "F.Softeer 문제", "{E1D07D1B-1675-4478-BC32-1D91FAF1054D}"
EndProject
Project("{8BC9CEB8-8B4A-11D0-8D11-00A0C91BC942}") = "1만들기 다이나믹", "F. Softeer 문제\1.1만들기 다이나믹\1만들기 다이나믹.vcxproj", "{EA8C1E63-2E33-4BC2-B64A-26307575EBD9}"
EndProject
Project("{8BC9CEB8-8B4A-11D0-8D11-00A0C91BC942}") = "계단 오르기문제 다이나믹", "F. Softeer 문제\2.계단 오르기문제\계단 오르기문제.vcxproj", "{75901FD4-0542-4360-BAA4-DB0377B32132}"
EndProject
Project("{8BC9CEB8-8B4A-11D0-8D11-00A0C91BC942}") = "괄호 짝 맞추기", "F. Softeer 문제\3.괄호 짝 맞추기\괄호 짝 맞추기.vcxproj", "{342719AF-A727-4B9A-9175-7702763A7935}"
EndProject
Project("{8BC9CEB8-8B4A-11D0-8D11-00A0C91BC942}") = "바이러스 다이나믹", "F. Softeer 문제\4.바이러스 다이나믹\바이러스 다이나믹.vcxproj", "{A3A703AD-D507-4DFB-86C0-B2B6C6DD22C9}"
EndProject
Project("{8BC9CEB8-8B4A-11D0-8D11-00A0C91BC942}") = "비밀 메뉴2", "F. Softeer 문제\5.비밀 메뉴2\비밀 메뉴2.vcxproj", "{39ABF0DE-6699-436F-B092-649EED04CC11}"
EndProject
Project("{8BC9CEB8-8B4A-11D0-8D11-00A0C91BC942}") = "순열 문제", "F. Softeer 문제\6.순열 문제\순열 문제.vcxproj", "{04213223-B368-4FB5-ADD9-8A8C530D7CDC}"
EndProject
Project("{8BC9CEB8-8B4A-11D0-8D11-00A0C91BC942}") = "순열 문제 2", "F. Softeer 문제\7.순열 문제 2\순열 문제 2.vcxproj", "{7C520DC8-CBAE-4AC1-8780-883797D57873}"
EndProject
Project("{8BC9CEB8-8B4A-11D0-8D11-00A0C91BC942}") = "장애물 인식 프로그램 BFS", "F. Softeer 문제\8.장애물 인식 프로그램\장애물 인식 프로그램.vcxproj", "{D06454E9-D0F8-48A5-8376-94692204A75F}"
EndProject
Project("{8BC9CEB8-8B4A-11D0-8D11-00A0C91BC942}") = "전광판", "F. Softeer 문제\9.전광판\전광판.vcxproj", "{E6B6DDAF-1925-44F7-A9B2-F65CF1E6860E}"
EndProject
Project("{8BC9CEB8-8B4A-11D0-8D11-00A0C91BC942}") = "회의실 예약", "F. Softeer 문제\A.회의실 예약\회의실 예약.vcxproj", "{60066C87-7C25-4065-A583-7229E356EFB8}"
EndProject
Global
	GlobalSection(SolutionConfigurationPlatforms) = preSolution
		Debug|x64 = Debug|x64
		Debug|x86 = Debug|x86
		Release|x64 = Release|x64
		Release|x86 = Release|x86
	EndGlobalSection
	GlobalSection(ProjectConfigurationPlatforms) = postSolution
		{DA2EAA40-9094-4B8C-8DA1-91E582BAB3F3}.Debug|x64.ActiveCfg = Debug|x64
		{DA2EAA40-9094-4B8C-8DA1-91E582BAB3F3}.Debug|x64.Build.0 = Debug|x64
		{DA2EAA40-9094-4B8C-8DA1-91E582BAB3F3}.Debug|x86.ActiveCfg = Debug|Win32
		{DA2EAA40-9094-4B8C-8DA1-91E582BAB3F3}.Debug|x86.Build.0 = Debug|Win32
		{DA2EAA40-9094-4B8C-8DA1-91E582BAB3F3}.Release|x64.ActiveCfg = Release|x64
		{DA2EAA40-9094-4B8C-8DA1-91E582BAB3F3}.Release|x64.Build.0 = Release|x64
		{DA2EAA40-9094-4B8C-8DA1-91E582BAB3F3}.Release|x86.ActiveCfg = Release|Win32
		{DA2EAA40-9094-4B8C-8DA1-91E582BAB3F3}.Release|x86.Build.0 = Release|Win32
		{45C61845-3012-456E-A825-677275EA73BC}.Debug|x64.ActiveCfg = Debug|x64
		{45C61845-3012-456E-A825-677275EA73BC}.Debug|x64.Build.0 = Debug|x64
		{45C61845-3012-456E-A825-677275EA73BC}.Debug|x86.ActiveCfg = Debug|Win32
		{45C61845-3012-456E-A825-677275EA73BC}.Debug|x86.Build.0 = Debug|Win32
		{45C61845-3012-456E-A825-677275EA73BC}.Release|x64.ActiveCfg = Release|x64
		{45C61845-3012-456E-A825-677275EA73BC}.Release|x64.Build.0 = Release|x64
		{45C61845-3012-456E-A825-677275EA73BC}.Release|x86.ActiveCfg = Release|Win32
		{45C61845-3012-456E-A825-677275EA73BC}.Release|x86.Build.0 = Release|Win32
		{1F2A50C3-000E-4529-A1F2-5BC1B510D52D}.Debug|x64.ActiveCfg = Debug|x64
		{1F2A50C3-000E-4529-A1F2-5BC1B510D52D}.Debug|x64.Build.0 = Debug|x64
		{1F2A50C3-000E-4529-A1F2-5BC1B510D52D}.Debug|x86.ActiveCfg = Debug|Win32
		{1F2A50C3-000E-4529-A1F2-5BC1B510D52D}.Debug|x86.Build.0 = Debug|Win32
		{1F2A50C3-000E-4529-A1F2-5BC1B510D52D}.Release|x64.ActiveCfg = Release|x64
		{1F2A50C3-000E-4529-A1F2-5BC1B510D52D}.Release|x64.Build.0 = Release|x64
		{1F2A50C3-000E-4529-A1F2-5BC1B510D52D}.Release|x86.ActiveCfg = Release|Win32
		{1F2A50C3-000E-4529-A1F2-5BC1B510D52D}.Release|x86.Build.0 = Release|Win32
		{8DC8D24E-9ECC-4CE9-ACDE-C78A1B7C9E9E}.Debug|x64.ActiveCfg = Debug|x64
		{8DC8D24E-9ECC-4CE9-ACDE-C78A1B7C9E9E}.Debug|x64.Build.0 = Debug|x64
		{8DC8D24E-9ECC-4CE9-ACDE-C78A1B7C9E9E}.Debug|x86.ActiveCfg = Debug|Win32
		{8DC8D24E-9ECC-4CE9-ACDE-C78A1B7C9E9E}.Debug|x86.Build.0 = Debug|Win32
		{8DC8D24E-9ECC-4CE9-ACDE-C78A1B7C9E9E}.Release|x64.ActiveCfg = Release|x64
		{8DC8D24E-9ECC-4CE9-ACDE-C78A1B7C9E9E}.Release|x64.Build.0 = Release|x64
		{8DC8D24E-9ECC-4CE9-ACDE-C78A1B7C9E9E}.Release|x86.ActiveCfg = Release|Win32
		{8DC8D24E-9ECC-4CE9-ACDE-C78A1B7C9E9E}.Release|x86.Build.0 = Release|Win32
		{CBFEB0DF-EDE7-409F-992B-1F53DB65F404}.Debug|x64.ActiveCfg = Debug|x64
		{CBFEB0DF-EDE7-409F-992B-1F53DB65F404}.Debug|x64.Build.0 = Debug|x64
		{CBFEB0DF-EDE7-409F-992B-1F53DB65F404}.Debug|x86.ActiveCfg = Debug|Win32
		{CBFEB0DF-EDE7-409F-992B-1F53DB65F404}.Debug|x86.Build.0 = Debug|Win32
		{CBFEB0DF-EDE7-409F-992B-1F53DB65F404}.Release|x64.ActiveCfg = Release|x64
		{CBFEB0DF-EDE7-409F-992B-1F53DB65F404}.Release|x64.Build.0 = Release|x64
		{CBFEB0DF-EDE7-409F-992B-1F53DB65F404}.Release|x86.ActiveCfg = Release|Win32
		{CBFEB0DF-EDE7-409F-992B-1F53DB65F404}.Release|x86.Build.0 = Release|Win32
		{9E495152-5342-4E83-A15D-09C0491FAE5E}.Debug|x64.ActiveCfg = Debug|x64
		{9E495152-5342-4E83-A15D-09C0491FAE5E}.Debug|x64.Build.0 = Debug|x64
		{9E495152-5342-4E83-A15D-09C0491FAE5E}.Debug|x86.ActiveCfg = Debug|Win32
		{9E495152-5342-4E83-A15D-09C0491FAE5E}.Debug|x86.Build.0 = Debug|Win32
		{9E495152-5342-4E83-A15D-09C0491FAE5E}.Release|x64.ActiveCfg = Release|x64
		{9E495152-5342-4E83-A15D-09C0491FAE5E}.Release|x64.Build.0 = Release|x64
		{9E495152-5342-4E83-A15D-09C0491FAE5E}.Release|x86.ActiveCfg = Release|Win32
		{9E495152-5342-4E83-A15D-09C0491FAE5E}.Release|x86.Build.0 = Release|Win32
		{318F1179-4823-43B7-A968-F4CD54E7197F}.Debug|x64.ActiveCfg = Debug|x64
		{318F1179-4823-43B7-A968-F4CD54E7197F}.Debug|x64.Build.0 = Debug|x64
		{318F1179-4823-43B7-A968-F4CD54E7197F}.Debug|x86.ActiveCfg = Debug|Win32
		{318F1179-4823-43B7-A968-F4CD54E7197F}.Debug|x86.Build.0 = Debug|Win32
		{318F1179-4823-43B7-A968-F4CD54E7197F}.Release|x64.ActiveCfg = Release|x64
		{318F1179-4823-43B7-A968-F4CD54E7197F}.Release|x64.Build.0 = Release|x64
		{318F1179-4823-43B7-A968-F4CD54E7197F}.Release|x86.ActiveCfg = Release|Win32
		{318F1179-4823-43B7-A968-F4CD54E7197F}.Release|x86.Build.0 = Release|Win32
		{A15AA45B-0E95-4978-A8D6-1FAC3ADB32A0}.Debug|x64.ActiveCfg = Debug|x64
		{A15AA45B-0E95-4978-A8D6-1FAC3ADB32A0}.Debug|x64.Build.0 = Debug|x64
		{A15AA45B-0E95-4978-A8D6-1FAC3ADB32A0}.Debug|x86.ActiveCfg = Debug|Win32
		{A15AA45B-0E95-4978-A8D6-1FAC3ADB32A0}.Debug|x86.Build.0 = Debug|Win32
		{A15AA45B-0E95-4978-A8D6-1FAC3ADB32A0}.Release|x64.ActiveCfg = Release|x64
		{A15AA45B-0E95-4978-A8D6-1FAC3ADB32A0}.Release|x64.Build.0 = Release|x64
		{A15AA45B-0E95-4978-A8D6-1FAC3ADB32A0}.Release|x86.ActiveCfg = Release|Win32
		{A15AA45B-0E95-4978-A8D6-1FAC3ADB32A0}.Release|x86.Build.0 = Release|Win32
		{737A7177-DFD6-4C83-8C04-4024FF66BFAE}.Debug|x64.ActiveCfg = Debug|x64
		{737A7177-DFD6-4C83-8C04-4024FF66BFAE}.Debug|x64.Build.0 = Debug|x64
		{737A7177-DFD6-4C83-8C04-4024FF66BFAE}.Debug|x86.ActiveCfg = Debug|Win32
		{737A7177-DFD6-4C83-8C04-4024FF66BFAE}.Debug|x86.Build.0 = Debug|Win32
		{737A7177-DFD6-4C83-8C04-4024FF66BFAE}.Release|x64.ActiveCfg = Release|x64
		{737A7177-DFD6-4C83-8C04-4024FF66BFAE}.Release|x64.Build.0 = Release|x64
		{737A7177-DFD6-4C83-8C04-4024FF66BFAE}.Release|x86.ActiveCfg = Release|Win32
		{737A7177-DFD6-4C83-8C04-4024FF66BFAE}.Release|x86.Build.0 = Release|Win32
		{383F6B9A-B49D-431D-8E5A-AEAE30DE3E10}.Debug|x64.ActiveCfg = Debug|x64
		{383F6B9A-B49D-431D-8E5A-AEAE30DE3E10}.Debug|x64.Build.0 = Debug|x64
		{383F6B9A-B49D-431D-8E5A-AEAE30DE3E10}.Debug|x86.ActiveCfg = Debug|Win32
		{383F6B9A-B49D-431D-8E5A-AEAE30DE3E10}.Debug|x86.Build.0 = Debug|Win32
		{383F6B9A-B49D-431D-8E5A-AEAE30DE3E10}.Release|x64.ActiveCfg = Release|x64
		{383F6B9A-B49D-431D-8E5A-AEAE30DE3E10}.Release|x64.Build.0 = Release|x64
		{383F6B9A-B49D-431D-8E5A-AEAE30DE3E10}.Release|x86.ActiveCfg = Release|Win32
		{383F6B9A-B49D-431D-8E5A-AEAE30DE3E10}.Release|x86.Build.0 = Release|Win32
		{C0C9AC00-F9B3-43EC-9692-C32521A6737F}.Debug|x64.ActiveCfg = Debug|x64
		{C0C9AC00-F9B3-43EC-9692-C32521A6737F}.Debug|x64.Build.0 = Debug|x64
		{C0C9AC00-F9B3-43EC-9692-C32521A6737F}.Debug|x86.ActiveCfg = Debug|Win32
		{C0C9AC00-F9B3-43EC-9692-C32521A6737F}.Debug|x86.Build.0 = Debug|Win32
		{C0C9AC00-F9B3-43EC-9692-C32521A6737F}.Release|x64.ActiveCfg = Release|x64
		{C0C9AC00-F9B3-43EC-9692-C32521A6737F}.Release|x64.Build.0 = Release|x64
		{C0C9AC00-F9B3-43EC-9692-C32521A6737F}.Release|x86.ActiveCfg = Release|Win32
		{C0C9AC00-F9B3-43EC-9692-C32521A6737F}.Release|x86.Build.0 = Release|Win32
		{49F36B59-C601-4B41-9CFF-9EAD269847A9}.Debug|x64.ActiveCfg = Debug|x64
		{49F36B59-C601-4B41-9CFF-9EAD269847A9}.Debug|x64.Build.0 = Debug|x64
		{49F36B59-C601-4B41-9CFF-9EAD269847A9}.Debug|x86.ActiveCfg = Debug|Win32
		{49F36B59-C601-4B41-9CFF-9EAD269847A9}.Debug|x86.Build.0 = Debug|Win32
		{49F36B59-C601-4B41-9CFF-9EAD269847A9}.Release|x64.ActiveCfg = Release|x64
		{49F36B59-C601-4B41-9CFF-9EAD269847A9}.Release|x64.Build.0 = Release|x64
		{49F36B59-C601-4B41-9CFF-9EAD269847A9}.Release|x86.ActiveCfg = Release|Win32
		{49F36B59-C601-4B41-9CFF-9EAD269847A9}.Release|x86.Build.0 = Release|Win32
		{B6B6E946-A05A-4564-8D55-12ECC709EC53}.Debug|x64.ActiveCfg = Debug|x64
		{B6B6E946-A05A-4564-8D55-12ECC709EC53}.Debug|x64.Build.0 = Debug|x64
		{B6B6E946-A05A-4564-8D55-12ECC709EC53}.Debug|x86.ActiveCfg = Debug|Win32
		{B6B6E946-A05A-4564-8D55-12ECC709EC53}.Debug|x86.Build.0 = Debug|Win32
		{B6B6E946-A05A-4564-8D55-12ECC709EC53}.Release|x64.ActiveCfg = Release|x64
		{B6B6E946-A05A-4564-8D55-12ECC709EC53}.Release|x64.Build.0 = Release|x64
		{B6B6E946-A05A-4564-8D55-12ECC709EC53}.Release|x86.ActiveCfg = Release|Win32
		{B6B6E946-A05A-4564-8D55-12ECC709EC53}.Release|x86.Build.0 = Release|Win32
		{EB323A2B-654F-4B2C-AA87-D3481FB5C76D}.Debug|x64.ActiveCfg = Debug|x64
		{EB323A2B-654F-4B2C-AA87-D3481FB5C76D}.Debug|x64.Build.0 = Debug|x64
		{EB323A2B-654F-4B2C-AA87-D3481FB5C76D}.Debug|x86.ActiveCfg = Debug|Win32
		{EB323A2B-654F-4B2C-AA87-D3481FB5C76D}.Debug|x86.Build.0 = Debug|Win32
		{EB323A2B-654F-4B2C-AA87-D3481FB5C76D}.Release|x64.ActiveCfg = Release|x64
		{EB323A2B-654F-4B2C-AA87-D3481FB5C76D}.Release|x64.Build.0 = Release|x64
		{EB323A2B-654F-4B2C-AA87-D3481FB5C76D}.Release|x86.ActiveCfg = Release|Win32
		{EB323A2B-654F-4B2C-AA87-D3481FB5C76D}.Release|x86.Build.0 = Release|Win32
		{D2A15B12-145A-4690-BD08-AF338C9507C1}.Debug|x64.ActiveCfg = Debug|x64
		{D2A15B12-145A-4690-BD08-AF338C9507C1}.Debug|x64.Build.0 = Debug|x64
		{D2A15B12-145A-4690-BD08-AF338C9507C1}.Debug|x86.ActiveCfg = Debug|Win32
		{D2A15B12-145A-4690-BD08-AF338C9507C1}.Debug|x86.Build.0 = Debug|Win32
		{D2A15B12-145A-4690-BD08-AF338C9507C1}.Release|x64.ActiveCfg = Release|x64
		{D2A15B12-145A-4690-BD08-AF338C9507C1}.Release|x64.Build.0 = Release|x64
		{D2A15B12-145A-4690-BD08-AF338C9507C1}.Release|x86.ActiveCfg = Release|Win32
		{D2A15B12-145A-4690-BD08-AF338C9507C1}.Release|x86.Build.0 = Release|Win32
		{27345B4D-9F31-4888-894A-DE6C537E3FB8}.Debug|x64.ActiveCfg = Debug|x64
		{27345B4D-9F31-4888-894A-DE6C537E3FB8}.Debug|x64.Build.0 = Debug|x64
		{27345B4D-9F31-4888-894A-DE6C537E3FB8}.Debug|x86.ActiveCfg = Debug|Win32
		{27345B4D-9F31-4888-894A-DE6C537E3FB8}.Debug|x86.Build.0 = Debug|Win32
		{27345B4D-9F31-4888-894A-DE6C537E3FB8}.Release|x64.ActiveCfg = Release|x64
		{27345B4D-9F31-4888-894A-DE6C537E3FB8}.Release|x64.Build.0 = Release|x64
		{27345B4D-9F31-4888-894A-DE6C537E3FB8}.Release|x86.ActiveCfg = Release|Win32
		{27345B4D-9F31-4888-894A-DE6C537E3FB8}.Release|x86.Build.0 = Release|Win32
		{A9F1E2BA-80F5-4239-9E19-D94AF916A4FB}.Debug|x64.ActiveCfg = Debug|x64
		{A9F1E2BA-80F5-4239-9E19-D94AF916A4FB}.Debug|x64.Build.0 = Debug|x64
		{A9F1E2BA-80F5-4239-9E19-D94AF916A4FB}.Debug|x86.ActiveCfg = Debug|Win32
		{A9F1E2BA-80F5-4239-9E19-D94AF916A4FB}.Debug|x86.Build.0 = Debug|Win32
		{A9F1E2BA-80F5-4239-9E19-D94AF916A4FB}.Release|x64.ActiveCfg = Release|x64
		{A9F1E2BA-80F5-4239-9E19-D94AF916A4FB}.Release|x64.Build.0 = Release|x64
		{A9F1E2BA-80F5-4239-9E19-D94AF916A4FB}.Release|x86.ActiveCfg = Release|Win32
		{A9F1E2BA-80F5-4239-9E19-D94AF916A4FB}.Release|x86.Build.0 = Release|Win32
		{945068A8-7B87-44B7-8E16-699F3E00FC49}.Debug|x64.ActiveCfg = Debug|x64
		{945068A8-7B87-44B7-8E16-699F3E00FC49}.Debug|x64.Build.0 = Debug|x64
		{945068A8-7B87-44B7-8E16-699F3E00FC49}.Debug|x86.ActiveCfg = Debug|Win32
		{945068A8-7B87-44B7-8E16-699F3E00FC49}.Debug|x86.Build.0 = Debug|Win32
		{945068A8-7B87-44B7-8E16-699F3E00FC49}.Release|x64.ActiveCfg = Release|x64
		{945068A8-7B87-44B7-8E16-699F3E00FC49}.Release|x64.Build.0 = Release|x64
		{945068A8-7B87-44B7-8E16-699F3E00FC49}.Release|x86.ActiveCfg = Release|Win32
		{945068A8-7B87-44B7-8E16-699F3E00FC49}.Release|x86.Build.0 = Release|Win32
		{BC16A51C-72E9-4ED0-98AC-80854B479D7B}.Debug|x64.ActiveCfg = Debug|x64
		{BC16A51C-72E9-4ED0-98AC-80854B479D7B}.Debug|x64.Build.0 = Debug|x64
		{BC16A51C-72E9-4ED0-98AC-80854B479D7B}.Debug|x86.ActiveCfg = Debug|Win32
		{BC16A51C-72E9-4ED0-98AC-80854B479D7B}.Debug|x86.Build.0 = Debug|Win32
		{BC16A51C-72E9-4ED0-98AC-80854B479D7B}.Release|x64.ActiveCfg = Release|x64
		{BC16A51C-72E9-4ED0-98AC-80854B479D7B}.Release|x64.Build.0 = Release|x64
		{BC16A51C-72E9-4ED0-98AC-80854B479D7B}.Release|x86.ActiveCfg = Release|Win32
		{BC16A51C-72E9-4ED0-98AC-80854B479D7B}.Release|x86.Build.0 = Release|Win32
		{A7302767-207C-48ED-B3CB-9B5EC11BF17F}.Debug|x64.ActiveCfg = Debug|x64
		{A7302767-207C-48ED-B3CB-9B5EC11BF17F}.Debug|x64.Build.0 = Debug|x64
		{A7302767-207C-48ED-B3CB-9B5EC11BF17F}.Debug|x86.ActiveCfg = Debug|Win32
		{A7302767-207C-48ED-B3CB-9B5EC11BF17F}.Debug|x86.Build.0 = Debug|Win32
		{A7302767-207C-48ED-B3CB-9B5EC11BF17F}.Release|x64.ActiveCfg = Release|x64
		{A7302767-207C-48ED-B3CB-9B5EC11BF17F}.Release|x64.Build.0 = Release|x64
		{A7302767-207C-48ED-B3CB-9B5EC11BF17F}.Release|x86.ActiveCfg = Release|Win32
		{A7302767-207C-48ED-B3CB-9B5EC11BF17F}.Release|x86.Build.0 = Release|Win32
		{3AFAD140-E02F-4C73-8304-AABA0F8EFA53}.Debug|x64.ActiveCfg = Debug|x64
		{3AFAD140-E02F-4C73-8304-AABA0F8EFA53}.Debug|x64.Build.0 = Debug|x64
		{3AFAD140-E02F-4C73-8304-AABA0F8EFA53}.Debug|x86.ActiveCfg = Debug|Win32
		{3AFAD140-E02F-4C73-8304-AABA0F8EFA53}.Debug|x86.Build.0 = Debug|Win32
		{3AFAD140-E02F-4C73-8304-AABA0F8EFA53}.Release|x64.ActiveCfg = Release|x64
		{3AFAD140-E02F-4C73-8304-AABA0F8EFA53}.Release|x64.Build.0 = Release|x64
		{3AFAD140-E02F-4C73-8304-AABA0F8EFA53}.Release|x86.ActiveCfg = Release|Win32
		{3AFAD140-E02F-4C73-8304-AABA0F8EFA53}.Release|x86.Build.0 = Release|Win32
		{6DFB86F6-F167-4627-B131-5747EA3C3CA5}.Debug|x64.ActiveCfg = Debug|x64
		{6DFB86F6-F167-4627-B131-5747EA3C3CA5}.Debug|x64.Build.0 = Debug|x64
		{6DFB86F6-F167-4627-B131-5747EA3C3CA5}.Debug|x86.ActiveCfg = Debug|Win32
		{6DFB86F6-F167-4627-B131-5747EA3C3CA5}.Debug|x86.Build.0 = Debug|Win32
		{6DFB86F6-F167-4627-B131-5747EA3C3CA5}.Release|x64.ActiveCfg = Release|x64
		{6DFB86F6-F167-4627-B131-5747EA3C3CA5}.Release|x64.Build.0 = Release|x64
		{6DFB86F6-F167-4627-B131-5747EA3C3CA5}.Release|x86.ActiveCfg = Release|Win32
		{6DFB86F6-F167-4627-B131-5747EA3C3CA5}.Release|x86.Build.0 = Release|Win32
		{BA8646D6-2D45-491A-9FF6-604011D7AF56}.Debug|x64.ActiveCfg = Debug|x64
		{BA8646D6-2D45-491A-9FF6-604011D7AF56}.Debug|x64.Build.0 = Debug|x64
		{BA8646D6-2D45-491A-9FF6-604011D7AF56}.Debug|x86.ActiveCfg = Debug|Win32
		{BA8646D6-2D45-491A-9FF6-604011D7AF56}.Debug|x86.Build.0 = Debug|Win32
		{BA8646D6-2D45-491A-9FF6-604011D7AF56}.Release|x64.ActiveCfg = Release|x64
		{BA8646D6-2D45-491A-9FF6-604011D7AF56}.Release|x64.Build.0 = Release|x64
		{BA8646D6-2D45-491A-9FF6-604011D7AF56}.Release|x86.ActiveCfg = Release|Win32
		{BA8646D6-2D45-491A-9FF6-604011D7AF56}.Release|x86.Build.0 = Release|Win32
		{FDA3CCD4-003E-4BB7-9ADA-4D2681A40AEE}.Debug|x64.ActiveCfg = Debug|x64
		{FDA3CCD4-003E-4BB7-9ADA-4D2681A40AEE}.Debug|x64.Build.0 = Debug|x64
		{FDA3CCD4-003E-4BB7-9ADA-4D2681A40AEE}.Debug|x86.ActiveCfg = Debug|Win32
		{FDA3CCD4-003E-4BB7-9ADA-4D2681A40AEE}.Debug|x86.Build.0 = Debug|Win32
		{FDA3CCD4-003E-4BB7-9ADA-4D2681A40AEE}.Release|x64.ActiveCfg = Release|x64
		{FDA3CCD4-003E-4BB7-9ADA-4D2681A40AEE}.Release|x64.Build.0 = Release|x64
		{FDA3CCD4-003E-4BB7-9ADA-4D2681A40AEE}.Release|x86.ActiveCfg = Release|Win32
		{FDA3CCD4-003E-4BB7-9ADA-4D2681A40AEE}.Release|x86.Build.0 = Release|Win32
		{5099DF58-756C-42CF-B327-EDC070455A55}.Debug|x64.ActiveCfg = Debug|x64
		{5099DF58-756C-42CF-B327-EDC070455A55}.Debug|x64.Build.0 = Debug|x64
		{5099DF58-756C-42CF-B327-EDC070455A55}.Debug|x86.ActiveCfg = Debug|Win32
		{5099DF58-756C-42CF-B327-EDC070455A55}.Debug|x86.Build.0 = Debug|Win32
		{5099DF58-756C-42CF-B327-EDC070455A55}.Release|x64.ActiveCfg = Release|x64
		{5099DF58-756C-42CF-B327-EDC070455A55}.Release|x64.Build.0 = Release|x64
		{5099DF58-756C-42CF-B327-EDC070455A55}.Release|x86.ActiveCfg = Release|Win32
		{5099DF58-756C-42CF-B327-EDC070455A55}.Release|x86.Build.0 = Release|Win32
		{1C6F9885-A2DA-413B-B647-FB3FE2F9B01F}.Debug|x64.ActiveCfg = Debug|x64
		{1C6F9885-A2DA-413B-B647-FB3FE2F9B01F}.Debug|x64.Build.0 = Debug|x64
		{1C6F9885-A2DA-413B-B647-FB3FE2F9B01F}.Debug|x86.ActiveCfg = Debug|Win32
		{1C6F9885-A2DA-413B-B647-FB3FE2F9B01F}.Debug|x86.Build.0 = Debug|Win32
		{1C6F9885-A2DA-413B-B647-FB3FE2F9B01F}.Release|x64.ActiveCfg = Release|x64
		{1C6F9885-A2DA-413B-B647-FB3FE2F9B01F}.Release|x64.Build.0 = Release|x64
		{1C6F9885-A2DA-413B-B647-FB3FE2F9B01F}.Release|x86.ActiveCfg = Release|Win32
		{1C6F9885-A2DA-413B-B647-FB3FE2F9B01F}.Release|x86.Build.0 = Release|Win32
		{3EAEF250-77FD-4DE7-833B-76DB1B8493E0}.Debug|x64.ActiveCfg = Debug|x64
		{3EAEF250-77FD-4DE7-833B-76DB1B8493E0}.Debug|x64.Build.0 = Debug|x64
		{3EAEF250-77FD-4DE7-833B-76DB1B8493E0}.Debug|x86.ActiveCfg = Debug|Win32
		{3EAEF250-77FD-4DE7-833B-76DB1B8493E0}.Debug|x86.Build.0 = Debug|Win32
		{3EAEF250-77FD-4DE7-833B-76DB1B8493E0}.Release|x64.ActiveCfg = Release|x64
		{3EAEF250-77FD-4DE7-833B-76DB1B8493E0}.Release|x64.Build.0 = Release|x64
		{3EAEF250-77FD-4DE7-833B-76DB1B8493E0}.Release|x86.ActiveCfg = Release|Win32
		{3EAEF250-77FD-4DE7-833B-76DB1B8493E0}.Release|x86.Build.0 = Release|Win32
		{8FDFBA60-E8E6-4FC9-B107-30AB9AEDB885}.Debug|x64.ActiveCfg = Debug|x64
		{8FDFBA60-E8E6-4FC9-B107-30AB9AEDB885}.Debug|x64.Build.0 = Debug|x64
		{8FDFBA60-E8E6-4FC9-B107-30AB9AEDB885}.Debug|x86.ActiveCfg = Debug|Win32
		{8FDFBA60-E8E6-4FC9-B107-30AB9AEDB885}.Debug|x86.Build.0 = Debug|Win32
		{8FDFBA60-E8E6-4FC9-B107-30AB9AEDB885}.Release|x64.ActiveCfg = Release|x64
		{8FDFBA60-E8E6-4FC9-B107-30AB9AEDB885}.Release|x64.Build.0 = Release|x64
		{8FDFBA60-E8E6-4FC9-B107-30AB9AEDB885}.Release|x86.ActiveCfg = Release|Win32
		{8FDFBA60-E8E6-4FC9-B107-30AB9AEDB885}.Release|x86.Build.0 = Release|Win32
		{0143211F-6287-402F-A25B-CCBBEE8621C9}.Debug|x64.ActiveCfg = Debug|x64
		{0143211F-6287-402F-A25B-CCBBEE8621C9}.Debug|x64.Build.0 = Debug|x64
		{0143211F-6287-402F-A25B-CCBBEE8621C9}.Debug|x86.ActiveCfg = Debug|Win32
		{0143211F-6287-402F-A25B-CCBBEE8621C9}.Debug|x86.Build.0 = Debug|Win32
		{0143211F-6287-402F-A25B-CCBBEE8621C9}.Release|x64.ActiveCfg = Release|x64
		{0143211F-6287-402F-A25B-CCBBEE8621C9}.Release|x64.Build.0 = Release|x64
		{0143211F-6287-402F-A25B-CCBBEE8621C9}.Release|x86.ActiveCfg = Release|Win32
		{0143211F-6287-402F-A25B-CCBBEE8621C9}.Release|x86.Build.0 = Release|Win32
		{C4F0AEA3-9A41-427C-B578-EA7475BD3006}.Debug|x64.ActiveCfg = Debug|x64
		{C4F0AEA3-9A41-427C-B578-EA7475BD3006}.Debug|x64.Build.0 = Debug|x64
		{C4F0AEA3-9A41-427C-B578-EA7475BD3006}.Debug|x86.ActiveCfg = Debug|Win32
		{C4F0AEA3-9A41-427C-B578-EA7475BD3006}.Debug|x86.Build.0 = Debug|Win32
		{C4F0AEA3-9A41-427C-B578-EA7475BD3006}.Release|x64.ActiveCfg = Release|x64
		{C4F0AEA3-9A41-427C-B578-EA7475BD3006}.Release|x64.Build.0 = Release|x64
		{C4F0AEA3-9A41-427C-B578-EA7475BD3006}.Release|x86.ActiveCfg = Release|Win32
		{C4F0AEA3-9A41-427C-B578-EA7475BD3006}.Release|x86.Build.0 = Release|Win32
		{117B4CC3-A71B-416B-981A-678F808B49F1}.Debug|x64.ActiveCfg = Debug|x64
		{117B4CC3-A71B-416B-981A-678F808B49F1}.Debug|x64.Build.0 = Debug|x64
		{117B4CC3-A71B-416B-981A-678F808B49F1}.Debug|x86.ActiveCfg = Debug|Win32
		{117B4CC3-A71B-416B-981A-678F808B49F1}.Debug|x86.Build.0 = Debug|Win32
		{117B4CC3-A71B-416B-981A-678F808B49F1}.Release|x64.ActiveCfg = Release|x64
		{117B4CC3-A71B-416B-981A-678F808B49F1}.Release|x64.Build.0 = Release|x64
		{117B4CC3-A71B-416B-981A-678F808B49F1}.Release|x86.ActiveCfg = Release|Win32
		{117B4CC3-A71B-416B-981A-678F808B49F1}.Release|x86.Build.0 = Release|Win32
		{76AAF3C3-9EF4-442C-B69A-A74FDF08DF19}.Debug|x64.ActiveCfg = Debug|x64
		{76AAF3C3-9EF4-442C-B69A-A74FDF08DF19}.Debug|x64.Build.0 = Debug|x64
		{76AAF3C3-9EF4-442C-B69A-A74FDF08DF19}.Debug|x86.ActiveCfg = Debug|Win32
		{76AAF3C3-9EF4-442C-B69A-A74FDF08DF19}.Debug|x86.Build.0 = Debug|Win32
		{76AAF3C3-9EF4-442C-B69A-A74FDF08DF19}.Release|x64.ActiveCfg = Release|x64
		{76AAF3C3-9EF4-442C-B69A-A74FDF08DF19}.Release|x64.Build.0 = Release|x64
		{76AAF3C3-9EF4-442C-B69A-A74FDF08DF19}.Release|x86.ActiveCfg = Release|Win32
		{76AAF3C3-9EF4-442C-B69A-A74FDF08DF19}.Release|x86.Build.0 = Release|Win32
		{137E7335-F7C9-4F66-9D35-D3F49B860A40}.Debug|x64.ActiveCfg = Debug|x64
		{137E7335-F7C9-4F66-9D35-D3F49B860A40}.Debug|x64.Build.0 = Debug|x64
		{137E7335-F7C9-4F66-9D35-D3F49B860A40}.Debug|x86.ActiveCfg = Debug|Win32
		{137E7335-F7C9-4F66-9D35-D3F49B860A40}.Debug|x86.Build.0 = Debug|Win32
		{137E7335-F7C9-4F66-9D35-D3F49B860A40}.Release|x64.ActiveCfg = Release|x64
		{137E7335-F7C9-4F66-9D35-D3F49B860A40}.Release|x64.Build.0 = Release|x64
		{137E7335-F7C9-4F66-9D35-D3F49B860A40}.Release|x86.ActiveCfg = Release|Win32
		{137E7335-F7C9-4F66-9D35-D3F49B860A40}.Release|x86.Build.0 = Release|Win32
		{BF61B849-79DC-4817-97FE-162A477508F6}.Debug|x64.ActiveCfg = Debug|x64
		{BF61B849-79DC-4817-97FE-162A477508F6}.Debug|x64.Build.0 = Debug|x64
		{BF61B849-79DC-4817-97FE-162A477508F6}.Debug|x86.ActiveCfg = Debug|Win32
		{BF61B849-79DC-4817-97FE-162A477508F6}.Debug|x86.Build.0 = Debug|Win32
		{BF61B849-79DC-4817-97FE-162A477508F6}.Release|x64.ActiveCfg = Release|x64
		{BF61B849-79DC-4817-97FE-162A477508F6}.Release|x64.Build.0 = Release|x64
		{BF61B849-79DC-4817-97FE-162A477508F6}.Release|x86.ActiveCfg = Release|Win32
		{BF61B849-79DC-4817-97FE-162A477508F6}.Release|x86.Build.0 = Release|Win32
		{DE300315-715A-4CAB-9295-B140B9F3844E}.Debug|x64.ActiveCfg = Debug|x64
		{DE300315-715A-4CAB-9295-B140B9F3844E}.Debug|x64.Build.0 = Debug|x64
		{DE300315-715A-4CAB-9295-B140B9F3844E}.Debug|x86.ActiveCfg = Debug|Win32
		{DE300315-715A-4CAB-9295-B140B9F3844E}.Debug|x86.Build.0 = Debug|Win32
		{DE300315-715A-4CAB-9295-B140B9F3844E}.Release|x64.ActiveCfg = Release|x64
		{DE300315-715A-4CAB-9295-B140B9F3844E}.Release|x64.Build.0 = Release|x64
		{DE300315-715A-4CAB-9295-B140B9F3844E}.Release|x86.ActiveCfg = Release|Win32
		{DE300315-715A-4CAB-9295-B140B9F3844E}.Release|x86.Build.0 = Release|Win32
		{95CC058B-E75E-4F06-B7C8-FD29001BA5BA}.Debug|x64.ActiveCfg = Debug|x64
		{95CC058B-E75E-4F06-B7C8-FD29001BA5BA}.Debug|x64.Build.0 = Debug|x64
		{95CC058B-E75E-4F06-B7C8-FD29001BA5BA}.Debug|x86.ActiveCfg = Debug|Win32
		{95CC058B-E75E-4F06-B7C8-FD29001BA5BA}.Debug|x86.Build.0 = Debug|Win32
		{95CC058B-E75E-4F06-B7C8-FD29001BA5BA}.Release|x64.ActiveCfg = Release|x64
		{95CC058B-E75E-4F06-B7C8-FD29001BA5BA}.Release|x64.Build.0 = Release|x64
		{95CC058B-E75E-4F06-B7C8-FD29001BA5BA}.Release|x86.ActiveCfg = Release|Win32
		{95CC058B-E75E-4F06-B7C8-FD29001BA5BA}.Release|x86.Build.0 = Release|Win32
		{F44D9B0E-69F3-4761-BD09-6402218DCEB9}.Debug|x64.ActiveCfg = Debug|x64
		{F44D9B0E-69F3-4761-BD09-6402218DCEB9}.Debug|x64.Build.0 = Debug|x64
		{F44D9B0E-69F3-4761-BD09-6402218DCEB9}.Debug|x86.ActiveCfg = Debug|Win32
		{F44D9B0E-69F3-4761-BD09-6402218DCEB9}.Debug|x86.Build.0 = Debug|Win32
		{F44D9B0E-69F3-4761-BD09-6402218DCEB9}.Release|x64.ActiveCfg = Release|x64
		{F44D9B0E-69F3-4761-BD09-6402218DCEB9}.Release|x64.Build.0 = Release|x64
		{F44D9B0E-69F3-4761-BD09-6402218DCEB9}.Release|x86.ActiveCfg = Release|Win32
		{F44D9B0E-69F3-4761-BD09-6402218DCEB9}.Release|x86.Build.0 = Release|Win32
		{B06C49F7-A70A-4D41-BC3B-E794CC68F16B}.Debug|x64.ActiveCfg = Debug|x64
		{B06C49F7-A70A-4D41-BC3B-E794CC68F16B}.Debug|x64.Build.0 = Debug|x64
		{B06C49F7-A70A-4D41-BC3B-E794CC68F16B}.Debug|x86.ActiveCfg = Debug|Win32
		{B06C49F7-A70A-4D41-BC3B-E794CC68F16B}.Debug|x86.Build.0 = Debug|Win32
		{B06C49F7-A70A-4D41-BC3B-E794CC68F16B}.Release|x64.ActiveCfg = Release|x64
		{B06C49F7-A70A-4D41-BC3B-E794CC68F16B}.Release|x64.Build.0 = Release|x64
		{B06C49F7-A70A-4D41-BC3B-E794CC68F16B}.Release|x86.ActiveCfg = Release|Win32
		{B06C49F7-A70A-4D41-BC3B-E794CC68F16B}.Release|x86.Build.0 = Release|Win32
		{CF4F1AC5-DD78-42CE-BC79-B2921D44585F}.Debug|x64.ActiveCfg = Debug|x64
		{CF4F1AC5-DD78-42CE-BC79-B2921D44585F}.Debug|x64.Build.0 = Debug|x64
		{CF4F1AC5-DD78-42CE-BC79-B2921D44585F}.Debug|x86.ActiveCfg = Debug|Win32
		{CF4F1AC5-DD78-42CE-BC79-B2921D44585F}.Debug|x86.Build.0 = Debug|Win32
		{CF4F1AC5-DD78-42CE-BC79-B2921D44585F}.Release|x64.ActiveCfg = Release|x64
		{CF4F1AC5-DD78-42CE-BC79-B2921D44585F}.Release|x64.Build.0 = Release|x64
		{CF4F1AC5-DD78-42CE-BC79-B2921D44585F}.Release|x86.ActiveCfg = Release|Win32
		{CF4F1AC5-DD78-42CE-BC79-B2921D44585F}.Release|x86.Build.0 = Release|Win32
		{AC638429-ABD5-4E6A-BB91-B9F8378C8124}.Debug|x64.ActiveCfg = Debug|x64
		{AC638429-ABD5-4E6A-BB91-B9F8378C8124}.Debug|x64.Build.0 = Debug|x64
		{AC638429-ABD5-4E6A-BB91-B9F8378C8124}.Debug|x86.ActiveCfg = Debug|Win32
		{AC638429-ABD5-4E6A-BB91-B9F8378C8124}.Debug|x86.Build.0 = Debug|Win32
		{AC638429-ABD5-4E6A-BB91-B9F8378C8124}.Release|x64.ActiveCfg = Release|x64
		{AC638429-ABD5-4E6A-BB91-B9F8378C8124}.Release|x64.Build.0 = Release|x64
		{AC638429-ABD5-4E6A-BB91-B9F8378C8124}.Release|x86.ActiveCfg = Release|Win32
		{AC638429-ABD5-4E6A-BB91-B9F8378C8124}.Release|x86.Build.0 = Release|Win32
		{2EE9F40E-0953-4592-8A80-14F241E83561}.Debug|x64.ActiveCfg = Debug|x64
		{2EE9F40E-0953-4592-8A80-14F241E83561}.Debug|x64.Build.0 = Debug|x64
		{2EE9F40E-0953-4592-8A80-14F241E83561}.Debug|x86.ActiveCfg = Debug|Win32
		{2EE9F40E-0953-4592-8A80-14F241E83561}.Debug|x86.Build.0 = Debug|Win32
		{2EE9F40E-0953-4592-8A80-14F241E83561}.Release|x64.ActiveCfg = Release|x64
		{2EE9F40E-0953-4592-8A80-14F241E83561}.Release|x64.Build.0 = Release|x64
		{2EE9F40E-0953-4592-8A80-14F241E83561}.Release|x86.ActiveCfg = Release|Win32
		{2EE9F40E-0953-4592-8A80-14F241E83561}.Release|x86.Build.0 = Release|Win32
		{63E0C1A8-D444-4625-83DE-6FFC5EDEBACE}.Debug|x64.ActiveCfg = Debug|x64
		{63E0C1A8-D444-4625-83DE-6FFC5EDEBACE}.Debug|x64.Build.0 = Debug|x64
		{63E0C1A8-D444-4625-83DE-6FFC5EDEBACE}.Debug|x86.ActiveCfg = Debug|Win32
		{63E0C1A8-D444-4625-83DE-6FFC5EDEBACE}.Debug|x86.Build.0 = Debug|Win32
		{63E0C1A8-D444-4625-83DE-6FFC5EDEBACE}.Release|x64.ActiveCfg = Release|x64
		{63E0C1A8-D444-4625-83DE-6FFC5EDEBACE}.Release|x64.Build.0 = Release|x64
		{63E0C1A8-D444-4625-83DE-6FFC5EDEBACE}.Release|x86.ActiveCfg = Release|Win32
		{63E0C1A8-D444-4625-83DE-6FFC5EDEBACE}.Release|x86.Build.0 = Release|Win32
		{E673C35A-192F-44F7-ABDF-A1DC2E93514A}.Debug|x64.ActiveCfg = Debug|x64
		{E673C35A-192F-44F7-ABDF-A1DC2E93514A}.Debug|x64.Build.0 = Debug|x64
		{E673C35A-192F-44F7-ABDF-A1DC2E93514A}.Debug|x86.ActiveCfg = Debug|Win32
		{E673C35A-192F-44F7-ABDF-A1DC2E93514A}.Debug|x86.Build.0 = Debug|Win32
		{E673C35A-192F-44F7-ABDF-A1DC2E93514A}.Release|x64.ActiveCfg = Release|x64
		{E673C35A-192F-44F7-ABDF-A1DC2E93514A}.Release|x64.Build.0 = Release|x64
		{E673C35A-192F-44F7-ABDF-A1DC2E93514A}.Release|x86.ActiveCfg = Release|Win32
		{E673C35A-192F-44F7-ABDF-A1DC2E93514A}.Release|x86.Build.0 = Release|Win32
		{0E394F6E-F99E-4BC2-8007-8D26E60C1C93}.Debug|x64.ActiveCfg = Debug|x64
		{0E394F6E-F99E-4BC2-8007-8D26E60C1C93}.Debug|x64.Build.0 = Debug|x64
		{0E394F6E-F99E-4BC2-8007-8D26E60C1C93}.Debug|x86.ActiveCfg = Debug|Win32
		{0E394F6E-F99E-4BC2-8007-8D26E60C1C93}.Debug|x86.Build.0 = Debug|Win32
		{0E394F6E-F99E-4BC2-8007-8D26E60C1C93}.Release|x64.ActiveCfg = Release|x64
		{0E394F6E-F99E-4BC2-8007-8D26E60C1C93}.Release|x64.Build.0 = Release|x64
		{0E394F6E-F99E-4BC2-8007-8D26E60C1C93}.Release|x86.ActiveCfg = Release|Win32
		{0E394F6E-F99E-4BC2-8007-8D26E60C1C93}.Release|x86.Build.0 = Release|Win32
		{83E8B1A3-FF54-479E-8136-9223B7952E9A}.Debug|x64.ActiveCfg = Debug|x64
		{83E8B1A3-FF54-479E-8136-9223B7952E9A}.Debug|x64.Build.0 = Debug|x64
		{83E8B1A3-FF54-479E-8136-9223B7952E9A}.Debug|x86.ActiveCfg = Debug|Win32
		{83E8B1A3-FF54-479E-8136-9223B7952E9A}.Debug|x86.Build.0 = Debug|Win32
		{83E8B1A3-FF54-479E-8136-9223B7952E9A}.Release|x64.ActiveCfg = Release|x64
		{83E8B1A3-FF54-479E-8136-9223B7952E9A}.Release|x64.Build.0 = Release|x64
		{83E8B1A3-FF54-479E-8136-9223B7952E9A}.Release|x86.ActiveCfg = Release|Win32
		{83E8B1A3-FF54-479E-8136-9223B7952E9A}.Release|x86.Build.0 = Release|Win32
		{EA8C1E63-2E33-4BC2-B64A-26307575EBD9}.Debug|x64.ActiveCfg = Debug|x64
		{EA8C1E63-2E33-4BC2-B64A-26307575EBD9}.Debug|x64.Build.0 = Debug|x64
		{EA8C1E63-2E33-4BC2-B64A-26307575EBD9}.Debug|x86.ActiveCfg = Debug|Win32
		{EA8C1E63-2E33-4BC2-B64A-26307575EBD9}.Debug|x86.Build.0 = Debug|Win32
		{EA8C1E63-2E33-4BC2-B64A-26307575EBD9}.Release|x64.ActiveCfg = Release|x64
		{EA8C1E63-2E33-4BC2-B64A-26307575EBD9}.Release|x64.Build.0 = Release|x64
		{EA8C1E63-2E33-4BC2-B64A-26307575EBD9}.Release|x86.ActiveCfg = Release|Win32
		{EA8C1E63-2E33-4BC2-B64A-26307575EBD9}.Release|x86.Build.0 = Release|Win32
		{75901FD4-0542-4360-BAA4-DB0377B32132}.Debug|x64.ActiveCfg = Debug|x64
		{75901FD4-0542-4360-BAA4-DB0377B32132}.Debug|x64.Build.0 = Debug|x64
		{75901FD4-0542-4360-BAA4-DB0377B32132}.Debug|x86.ActiveCfg = Debug|Win32
		{75901FD4-0542-4360-BAA4-DB0377B32132}.Debug|x86.Build.0 = Debug|Win32
		{75901FD4-0542-4360-BAA4-DB0377B32132}.Release|x64.ActiveCfg = Release|x64
		{75901FD4-0542-4360-BAA4-DB0377B32132}.Release|x64.Build.0 = Release|x64
		{75901FD4-0542-4360-BAA4-DB0377B32132}.Release|x86.ActiveCfg = Release|Win32
		{75901FD4-0542-4360-BAA4-DB0377B32132}.Release|x86.Build.0 = Release|Win32
		{342719AF-A727-4B9A-9175-7702763A7935}.Debug|x64.ActiveCfg = Debug|x64
		{342719AF-A727-4B9A-9175-7702763A7935}.Debug|x64.Build.0 = Debug|x64
		{342719AF-A727-4B9A-9175-7702763A7935}.Debug|x86.ActiveCfg = Debug|Win32
		{342719AF-A727-4B9A-9175-7702763A7935}.Debug|x86.Build.0 = Debug|Win32
		{342719AF-A727-4B9A-9175-7702763A7935}.Release|x64.ActiveCfg = Release|x64
		{342719AF-A727-4B9A-9175-7702763A7935}.Release|x64.Build.0 = Release|x64
		{342719AF-A727-4B9A-9175-7702763A7935}.Release|x86.ActiveCfg = Release|Win32
		{342719AF-A727-4B9A-9175-7702763A7935}.Release|x86.Build.0 = Release|Win32
		{A3A703AD-D507-4DFB-86C0-B2B6C6DD22C9}.Debug|x64.ActiveCfg = Debug|x64
		{A3A703AD-D507-4DFB-86C0-B2B6C6DD22C9}.Debug|x64.Build.0 = Debug|x64
		{A3A703AD-D507-4DFB-86C0-B2B6C6DD22C9}.Debug|x86.ActiveCfg = Debug|Win32
		{A3A703AD-D507-4DFB-86C0-B2B6C6DD22C9}.Debug|x86.Build.0 = Debug|Win32
		{A3A703AD-D507-4DFB-86C0-B2B6C6DD22C9}.Release|x64.ActiveCfg = Release|x64
		{A3A703AD-D507-4DFB-86C0-B2B6C6DD22C9}.Release|x64.Build.0 = Release|x64
		{A3A703AD-D507-4DFB-86C0-B2B6C6DD22C9}.Release|x86.ActiveCfg = Release|Win32
		{A3A703AD-D507-4DFB-86C0-B2B6C6DD22C9}.Release|x86.Build.0 = Release|Win32
		{39ABF0DE-6699-436F-B092-649EED04CC11}.Debug|x64.ActiveCfg = Debug|x64
		{39ABF0DE-6699-436F-B092-649EED04CC11}.Debug|x64.Build.0 = Debug|x64
		{39ABF0DE-6699-436F-B092-649EED04CC11}.Debug|x86.ActiveCfg = Debug|Win32
		{39ABF0DE-6699-436F-B092-649EED04CC11}.Debug|x86.Build.0 = Debug|Win32
		{39ABF0DE-6699-436F-B092-649EED04CC11}.Release|x64.ActiveCfg = Release|x64
		{39ABF0DE-6699-436F-B092-649EED04CC11}.Release|x64.Build.0 = Release|x64
		{39ABF0DE-6699-436F-B092-649EED04CC11}.Release|x86.ActiveCfg = Release|Win32
		{39ABF0DE-6699-436F-B092-649EED04CC11}.Release|x86.Build.0 = Release|Win32
		{04213223-B368-4FB5-ADD9-8A8C530D7CDC}.Debug|x64.ActiveCfg = Debug|x64
		{04213223-B368-4FB5-ADD9-8A8C530D7CDC}.Debug|x64.Build.0 = Debug|x64
		{04213223-B368-4FB5-ADD9-8A8C530D7CDC}.Debug|x86.ActiveCfg = Debug|Win32
		{04213223-B368-4FB5-ADD9-8A8C530D7CDC}.Debug|x86.Build.0 = Debug|Win32
		{04213223-B368-4FB5-ADD9-8A8C530D7CDC}.Release|x64.ActiveCfg = Release|x64
		{04213223-B368-4FB5-ADD9-8A8C530D7CDC}.Release|x64.Build.0 = Release|x64
		{04213223-B368-4FB5-ADD9-8A8C530D7CDC}.Release|x86.ActiveCfg = Release|Win32
		{04213223-B368-4FB5-ADD9-8A8C530D7CDC}.Release|x86.Build.0 = Release|Win32
		{7C520DC8-CBAE-4AC1-8780-883797D57873}.Debug|x64.ActiveCfg = Debug|x64
		{7C520DC8-CBAE-4AC1-8780-883797D57873}.Debug|x64.Build.0 = Debug|x64
		{7C520DC8-CBAE-4AC1-8780-883797D57873}.Debug|x86.ActiveCfg = Debug|Win32
		{7C520DC8-CBAE-4AC1-8780-883797D57873}.Debug|x86.Build.0 = Debug|Win32
		{7C520DC8-CBAE-4AC1-8780-883797D57873}.Release|x64.ActiveCfg = Release|x64
		{7C520DC8-CBAE-4AC1-8780-883797D57873}.Release|x64.Build.0 = Release|x64
		{7C520DC8-CBAE-4AC1-8780-883797D57873}.Release|x86.ActiveCfg = Release|Win32
		{7C520DC8-CBAE-4AC1-8780-883797D57873}.Release|x86.Build.0 = Release|Win32
		{D06454E9-D0F8-48A5-8376-94692204A75F}.Debug|x64.ActiveCfg = Debug|x64
		{D06454E9-D0F8-48A5-8376-94692204A75F}.Debug|x64.Build.0 = Debug|x64
		{D06454E9-D0F8-48A5-8376-94692204A75F}.Debug|x86.ActiveCfg = Debug|Win32
		{D06454E9-D0F8-48A5-8376-94692204A75F}.Debug|x86.Build.0 = Debug|Win32
		{D06454E9-D0F8-48A5-8376-94692204A75F}.Release|x64.ActiveCfg = Release|x64
		{D06454E9-D0F8-48A5-8376-94692204A75F}.Release|x64.Build.0 = Release|x64
		{D06454E9-D0F8-48A5-8376-94692204A75F}.Release|x86.ActiveCfg = Release|Win32
		{D06454E9-D0F8-48A5-8376-94692204A75F}.Release|x86.Build.0 = Release|Win32
		{E6B6DDAF-1925-44F7-A9B2-F65CF1E6860E}.Debug|x64.ActiveCfg = Debug|x64
		{E6B6DDAF-1925-44F7-A9B2-F65CF1E6860E}.Debug|x64.Build.0 = Debug|x64
		{E6B6DDAF-1925-44F7-A9B2-F65CF1E6860E}.Debug|x86.ActiveCfg = Debug|Win32
		{E6B6DDAF-1925-44F7-A9B2-F65CF1E6860E}.Debug|x86.Build.0 = Debug|Win32
		{E6B6DDAF-1925-44F7-A9B2-F65CF1E6860E}.Release|x64.ActiveCfg = Release|x64
		{E6B6DDAF-1925-44F7-A9B2-F65CF1E6860E}.Release|x64.Build.0 = Release|x64
		{E6B6DDAF-1925-44F7-A9B2-F65CF1E6860E}.Release|x86.ActiveCfg = Release|Win32
		{E6B6DDAF-1925-44F7-A9B2-F65CF1E6860E}.Release|x86.Build.0 = Release|Win32
		{60066C87-7C25-4065-A583-7229E356EFB8}.Debug|x64.ActiveCfg = Debug|x64
		{60066C87-7C25-4065-A583-7229E356EFB8}.Debug|x64.Build.0 = Debug|x64
		{60066C87-7C25-4065-A583-7229E356EFB8}.Debug|x86.ActiveCfg = Debug|Win32
		{60066C87-7C25-4065-A583-7229E356EFB8}.Debug|x86.Build.0 = Debug|Win32
		{60066C87-7C25-4065-A583-7229E356EFB8}.Release|x64.ActiveCfg = Release|x64
		{60066C87-7C25-4065-A583-7229E356EFB8}.Release|x64.Build.0 = Release|x64
		{60066C87-7C25-4065-A583-7229E356EFB8}.Release|x86.ActiveCfg = Release|Win32
		{60066C87-7C25-4065-A583-7229E356EFB8}.Release|x86.Build.0 = Release|Win32
	EndGlobalSection
	GlobalSection(SolutionProperties) = preSolution
		HideSolutionNode = FALSE
	EndGlobalSection
	GlobalSection(NestedProjects) = preSolution
		{DA2EAA40-9094-4B8C-8DA1-91E582BAB3F3} = {FFA8F0EB-08F8-437D-886D-99F52B20E335}
		{45C61845-3012-456E-A825-677275EA73BC} = {FFA8F0EB-08F8-437D-886D-99F52B20E335}
		{1F2A50C3-000E-4529-A1F2-5BC1B510D52D} = {FFA8F0EB-08F8-437D-886D-99F52B20E335}
		{8DC8D24E-9ECC-4CE9-ACDE-C78A1B7C9E9E} = {FFA8F0EB-08F8-437D-886D-99F52B20E335}
		{CBFEB0DF-EDE7-409F-992B-1F53DB65F404} = {FFA8F0EB-08F8-437D-886D-99F52B20E335}
		{9E495152-5342-4E83-A15D-09C0491FAE5E} = {FFA8F0EB-08F8-437D-886D-99F52B20E335}
		{318F1179-4823-43B7-A968-F4CD54E7197F} = {FFA8F0EB-08F8-437D-886D-99F52B20E335}
		{A15AA45B-0E95-4978-A8D6-1FAC3ADB32A0} = {FFA8F0EB-08F8-437D-886D-99F52B20E335}
		{737A7177-DFD6-4C83-8C04-4024FF66BFAE} = {FFA8F0EB-08F8-437D-886D-99F52B20E335}
		{383F6B9A-B49D-431D-8E5A-AEAE30DE3E10} = {FFA8F0EB-08F8-437D-886D-99F52B20E335}
		{C0C9AC00-F9B3-43EC-9692-C32521A6737F} = {FFA8F0EB-08F8-437D-886D-99F52B20E335}
		{49F36B59-C601-4B41-9CFF-9EAD269847A9} = {EA065886-BCC3-4490-9874-8087EE7945FC}
		{B6B6E946-A05A-4564-8D55-12ECC709EC53} = {EA065886-BCC3-4490-9874-8087EE7945FC}
		{EB323A2B-654F-4B2C-AA87-D3481FB5C76D} = {F3208CE1-BD98-4296-B885-991DCAC0B5A3}
		{D2A15B12-145A-4690-BD08-AF338C9507C1} = {F3208CE1-BD98-4296-B885-991DCAC0B5A3}
		{27345B4D-9F31-4888-894A-DE6C537E3FB8} = {F62556F7-5EC6-44DD-8200-F0FBDEE93B6C}
		{A9F1E2BA-80F5-4239-9E19-D94AF916A4FB} = {58ACADB1-3458-4C80-A68A-112800AA96EA}
		{945068A8-7B87-44B7-8E16-699F3E00FC49} = {D8460D55-5847-4B97-B417-2A4420B3F528}
		{BC16A51C-72E9-4ED0-98AC-80854B479D7B} = {9AA05BF0-4931-4823-BABE-858793DCB38B}
		{A7302767-207C-48ED-B3CB-9B5EC11BF17F} = {9AA05BF0-4931-4823-BABE-858793DCB38B}
		{3AFAD140-E02F-4C73-8304-AABA0F8EFA53} = {9AA05BF0-4931-4823-BABE-858793DCB38B}
		{6DFB86F6-F167-4627-B131-5747EA3C3CA5} = {455CED63-4967-4106-A73F-032C862F9CCF}
		{BA8646D6-2D45-491A-9FF6-604011D7AF56} = {2287FAE2-AD37-4BE3-A2FC-3737B3A2F1E2}
		{FDA3CCD4-003E-4BB7-9ADA-4D2681A40AEE} = {2287FAE2-AD37-4BE3-A2FC-3737B3A2F1E2}
		{5099DF58-756C-42CF-B327-EDC070455A55} = {0F1460FE-0396-4FFA-A083-74789E86D8C9}
		{1C6F9885-A2DA-413B-B647-FB3FE2F9B01F} = {0F1460FE-0396-4FFA-A083-74789E86D8C9}
		{3EAEF250-77FD-4DE7-833B-76DB1B8493E0} = {C52D55E9-DA74-4AC8-B61A-866624FB46ED}
		{8FDFBA60-E8E6-4FC9-B107-30AB9AEDB885} = {AE91052B-C837-43D7-8E5F-6105530760D4}
		{0143211F-6287-402F-A25B-CCBBEE8621C9} = {AE91052B-C837-43D7-8E5F-6105530760D4}
		{C4F0AEA3-9A41-427C-B578-EA7475BD3006} = {AE91052B-C837-43D7-8E5F-6105530760D4}
		{117B4CC3-A71B-416B-981A-678F808B49F1} = {AE91052B-C837-43D7-8E5F-6105530760D4}
		{76AAF3C3-9EF4-442C-B69A-A74FDF08DF19} = {AE91052B-C837-43D7-8E5F-6105530760D4}
		{137E7335-F7C9-4F66-9D35-D3F49B860A40} = {AE91052B-C837-43D7-8E5F-6105530760D4}
		{BF61B849-79DC-4817-97FE-162A477508F6} = {AE91052B-C837-43D7-8E5F-6105530760D4}
		{DE300315-715A-4CAB-9295-B140B9F3844E} = {AE91052B-C837-43D7-8E5F-6105530760D4}
		{95CC058B-E75E-4F06-B7C8-FD29001BA5BA} = {AE91052B-C837-43D7-8E5F-6105530760D4}
		{F44D9B0E-69F3-4761-BD09-6402218DCEB9} = {AE91052B-C837-43D7-8E5F-6105530760D4}
		{B06C49F7-A70A-4D41-BC3B-E794CC68F16B} = {AE91052B-C837-43D7-8E5F-6105530760D4}
		{CF4F1AC5-DD78-42CE-BC79-B2921D44585F} = {5677BE21-77A2-4D62-BF04-971E03BB7D42}
		{AC638429-ABD5-4E6A-BB91-B9F8378C8124} = {5677BE21-77A2-4D62-BF04-971E03BB7D42}
		{2EE9F40E-0953-4592-8A80-14F241E83561} = {5677BE21-77A2-4D62-BF04-971E03BB7D42}
		{63E0C1A8-D444-4625-83DE-6FFC5EDEBACE} = {5677BE21-77A2-4D62-BF04-971E03BB7D42}
		{E673C35A-192F-44F7-ABDF-A1DC2E93514A} = {BAFED0DB-A004-409D-BD41-69AB817942C0}
		{0E394F6E-F99E-4BC2-8007-8D26E60C1C93} = {BAFED0DB-A004-409D-BD41-69AB817942C0}
		{83E8B1A3-FF54-479E-8136-9223B7952E9A} = {BAFED0DB-A004-409D-BD41-69AB817942C0}
		{EA8C1E63-2E33-4BC2-B64A-26307575EBD9} = {E1D07D1B-1675-4478-BC32-1D91FAF1054D}
		{75901FD4-0542-4360-BAA4-DB0377B32132} = {E1D07D1B-1675-4478-BC32-1D91FAF1054D}
		{342719AF-A727-4B9A-9175-7702763A7935} = {E1D07D1B-1675-4478-BC32-1D91FAF1054D}
		{A3A703AD-D507-4DFB-86C0-B2B6C6DD22C9} = {E1D07D1B-1675-4478-BC32-1D91FAF1054D}
		{39ABF0DE-6699-436F-B092-649EED04CC11} = {E1D07D1B-1675-4478-BC32-1D91FAF1054D}
		{04213223-B368-4FB5-ADD9-8A8C530D7CDC} = {E1D07D1B-1675-4478-BC32-1D91FAF1054D}
		{7C520DC8-CBAE-4AC1-8780-883797D57873} = {E1D07D1B-1675-4478-BC32-1D91FAF1054D}
		{D06454E9-D0F8-48A5-8376-94692204A75F} = {E1D07D1B-1675-4478-BC32-1D91FAF1054D}
		{E6B6DDAF-1925-44F7-A9B2-F65CF1E6860E} = {E1D07D1B-1675-4478-BC32-1D91FAF1054D}
		{60066C87-7C25-4065-A583-7229E356EFB8} = {E1D07D1B-1675-4478-BC32-1D91FAF1054D}
	EndGlobalSection
	GlobalSection(ExtensibilityGlobals) = postSolution
		SolutionGuid = {3C875769-08CC-4C60-B42A-10DFCF886147}
	EndGlobalSection
EndGlobal
